
Microsoft Visual Studio Solution File, Format Version 12.00
# Visual Studio Version 16
VisualStudioVersion = 16.0.31321.278
MinimumVisualStudioVersion = 10.0.40219.1
Project("{9A19103F-16F7-4668-BE54-9A1E7A4F7556}") = "SoftUniParking", "SoftUniParking.csproj", "{807BEA13-7126-47F7-9826-76FA8A8DA63F}"
EndProject
Global
	GlobalSection(SolutionConfigurationPlatforms) = preSolution
		Debug|Any CPU = Debug|Any CPU
		Release|Any CPU = Release|Any CPU
	EndGlobalSection
	GlobalSection(ProjectConfigurationPlatforms) = postSolution
		{807BEA13-7126-47F7-9826-76FA8A8DA63F}.Debug|Any CPU.ActiveCfg = Debug|Any CPU
		{807BEA13-7126-47F7-9826-76FA8A8DA63F}.Debug|Any CPU.Build.0 = Debug|Any CPU
		{807BEA13-7126-47F7-9826-76FA8A8DA63F}.Release|Any CPU.ActiveCfg = Release|Any CPU
		{807BEA13-7126-47F7-9826-76FA8A8DA63F}.Release|Any CPU.Build.0 = Release|Any CPU
	EndGlobalSection
	GlobalSection(SolutionProperties) = preSolution
		HideSolutionNode = FALSE
	EndGlobalSection
	GlobalSection(ExtensibilityGlobals) = postSolution
		SolutionGuid = {483CA41C-3AF6-4F15-966F-283F0076D594}
	EndGlobalSection
EndGlobal
