
Microsoft Visual Studio Solution File, Format Version 12.00
# Visual Studio Version 16
VisualStudioVersion = 16.0.31321.278
MinimumVisualStudioVersion = 10.0.40219.1
Project("{FAE04EC0-301F-11D3-BF4B-00C04F79EFBC}") = "01.SortEvenNumbers", "01.SortEvenNumbers\01.SortEvenNumbers.csproj", "{12BA4F3D-AB33-4945-88D1-8AECAE56A929}"
EndProject
Project("{FAE04EC0-301F-11D3-BF4B-00C04F79EFBC}") = "02.SumNumbers", "02.SumNumbers\02.SumNumbers.csproj", "{A6812E58-D6D1-4387-983A-CB7D275CAD66}"
EndProject
Project("{FAE04EC0-301F-11D3-BF4B-00C04F79EFBC}") = "03.CountUppercaseWords", "03.CountUppercaseWords\03.CountUppercaseWords.csproj", "{9CC9E1EB-F560-4D04-AF2A-63D5CB249C51}"
EndProject
Project("{FAE04EC0-301F-11D3-BF4B-00C04F79EFBC}") = "04.AddVat", "04.AddVat\04.AddVat.csproj", "{EFD8AC88-3327-4C04-845D-D35F19DCD3F4}"
EndProject
Project("{FAE04EC0-301F-11D3-BF4B-00C04F79EFBC}") = "05.FilterByAge", "05.FilterByAge\05.FilterByAge.csproj", "{06A5217E-F9AC-4DEF-89E2-C9A8185AF1D6}"
EndProject
Global
	GlobalSection(SolutionConfigurationPlatforms) = preSolution
		Debug|Any CPU = Debug|Any CPU
		Release|Any CPU = Release|Any CPU
	EndGlobalSection
	GlobalSection(ProjectConfigurationPlatforms) = postSolution
		{12BA4F3D-AB33-4945-88D1-8AECAE56A929}.Debug|Any CPU.ActiveCfg = Debug|Any CPU
		{12BA4F3D-AB33-4945-88D1-8AECAE56A929}.Debug|Any CPU.Build.0 = Debug|Any CPU
		{12BA4F3D-AB33-4945-88D1-8AECAE56A929}.Release|Any CPU.ActiveCfg = Release|Any CPU
		{12BA4F3D-AB33-4945-88D1-8AECAE56A929}.Release|Any CPU.Build.0 = Release|Any CPU
		{A6812E58-D6D1-4387-983A-CB7D275CAD66}.Debug|Any CPU.ActiveCfg = Debug|Any CPU
		{A6812E58-D6D1-4387-983A-CB7D275CAD66}.Debug|Any CPU.Build.0 = Debug|Any CPU
		{A6812E58-D6D1-4387-983A-CB7D275CAD66}.Release|Any CPU.ActiveCfg = Release|Any CPU
		{A6812E58-D6D1-4387-983A-CB7D275CAD66}.Release|Any CPU.Build.0 = Release|Any CPU
		{9CC9E1EB-F560-4D04-AF2A-63D5CB249C51}.Debug|Any CPU.ActiveCfg = Debug|Any CPU
		{9CC9E1EB-F560-4D04-AF2A-63D5CB249C51}.Debug|Any CPU.Build.0 = Debug|Any CPU
		{9CC9E1EB-F560-4D04-AF2A-63D5CB249C51}.Release|Any CPU.ActiveCfg = Release|Any CPU
		{9CC9E1EB-F560-4D04-AF2A-63D5CB249C51}.Release|Any CPU.Build.0 = Release|Any CPU
		{EFD8AC88-3327-4C04-845D-D35F19DCD3F4}.Debug|Any CPU.ActiveCfg = Debug|Any CPU
		{EFD8AC88-3327-4C04-845D-D35F19DCD3F4}.Debug|Any CPU.Build.0 = Debug|Any CPU
		{EFD8AC88-3327-4C04-845D-D35F19DCD3F4}.Release|Any CPU.ActiveCfg = Release|Any CPU
		{EFD8AC88-3327-4C04-845D-D35F19DCD3F4}.Release|Any CPU.Build.0 = Release|Any CPU
		{06A5217E-F9AC-4DEF-89E2-C9A8185AF1D6}.Debug|Any CPU.ActiveCfg = Debug|Any CPU
		{06A5217E-F9AC-4DEF-89E2-C9A8185AF1D6}.Debug|Any CPU.Build.0 = Debug|Any CPU
		{06A5217E-F9AC-4DEF-89E2-C9A8185AF1D6}.Release|Any CPU.ActiveCfg = Release|Any CPU
		{06A5217E-F9AC-4DEF-89E2-C9A8185AF1D6}.Release|Any CPU.Build.0 = Release|Any CPU
	EndGlobalSection
	GlobalSection(SolutionProperties) = preSolution
		HideSolutionNode = FALSE
	EndGlobalSection
	GlobalSection(ExtensibilityGlobals) = postSolution
		SolutionGuid = {959667A1-C8C1-4917-AE33-496318C7E461}
	EndGlobalSection
EndGlobal
