
Microsoft Visual Studio Solution File, Format Version 12.00
# Visual Studio Version 16
VisualStudioVersion = 16.0.31321.278
MinimumVisualStudioVersion = 10.0.40219.1
Project("{FAE04EC0-301F-11D3-BF4B-00C04F79EFBC}") = "01.BoxOfString", "01.BoxOfString\01.BoxOfString.csproj", "{14F93627-CE2A-4DD3-AC11-35E56E07F3A8}"
EndProject
Project("{FAE04EC0-301F-11D3-BF4B-00C04F79EFBC}") = "02.Tuple", "02.Tuple\02.Tuple.csproj", "{21EB56CE-012F-4BD8-94DC-3F36C09CEF63}"
EndProject
Global
	GlobalSection(SolutionConfigurationPlatforms) = preSolution
		Debug|Any CPU = Debug|Any CPU
		Release|Any CPU = Release|Any CPU
	EndGlobalSection
	GlobalSection(ProjectConfigurationPlatforms) = postSolution
		{14F93627-CE2A-4DD3-AC11-35E56E07F3A8}.Debug|Any CPU.ActiveCfg = Debug|Any CPU
		{14F93627-CE2A-4DD3-AC11-35E56E07F3A8}.Debug|Any CPU.Build.0 = Debug|Any CPU
		{14F93627-CE2A-4DD3-AC11-35E56E07F3A8}.Release|Any CPU.ActiveCfg = Release|Any CPU
		{14F93627-CE2A-4DD3-AC11-35E56E07F3A8}.Release|Any CPU.Build.0 = Release|Any CPU
		{21EB56CE-012F-4BD8-94DC-3F36C09CEF63}.Debug|Any CPU.ActiveCfg = Debug|Any CPU
		{21EB56CE-012F-4BD8-94DC-3F36C09CEF63}.Debug|Any CPU.Build.0 = Debug|Any CPU
		{21EB56CE-012F-4BD8-94DC-3F36C09CEF63}.Release|Any CPU.ActiveCfg = Release|Any CPU
		{21EB56CE-012F-4BD8-94DC-3F36C09CEF63}.Release|Any CPU.Build.0 = Release|Any CPU
	EndGlobalSection
	GlobalSection(SolutionProperties) = preSolution
		HideSolutionNode = FALSE
	EndGlobalSection
	GlobalSection(ExtensibilityGlobals) = postSolution
		SolutionGuid = {B92FEF9C-DB80-4BCE-AEA7-2C52A8F449DD}
	EndGlobalSection
EndGlobal
