
Microsoft Visual Studio Solution File, Format Version 12.00
# Visual Studio Version 16
VisualStudioVersion = 16.0.31321.278
MinimumVisualStudioVersion = 10.0.40219.1
Project("{9A19103F-16F7-4668-BE54-9A1E7A4F7556}") = "01.ReversedStrings", "StacksNdQuesLab\01.ReversedStrings.csproj", "{AC02379A-5D00-442C-8FC7-4AAD44F3B965}"
EndProject
Project("{9A19103F-16F7-4668-BE54-9A1E7A4F7556}") = "02.StackSum", "02.StackSum\02.StackSum.csproj", "{595EECE0-AB66-46BC-A07D-F2FC800C110B}"
EndProject
Project("{9A19103F-16F7-4668-BE54-9A1E7A4F7556}") = "03.SimpleCalc", "03.SimpleCalc\03.SimpleCalc.csproj", "{D6A35B73-B45E-4697-94DE-E21243FC3AD6}"
EndProject
Project("{9A19103F-16F7-4668-BE54-9A1E7A4F7556}") = "04.MatchingBrackets", "04.MatchingBrackets\04.MatchingBrackets.csproj", "{7F9EF146-5C7B-4D04-88A2-007CB37314B8}"
EndProject
Project("{9A19103F-16F7-4668-BE54-9A1E7A4F7556}") = "05.PrintEven", "05.PrintEven\05.PrintEven.csproj", "{CC592439-5AF2-4D32-8657-681950C295F6}"
EndProject
Project("{9A19103F-16F7-4668-BE54-9A1E7A4F7556}") = "06.SuperMarket", "06.SuperMarket\06.SuperMarket.csproj", "{F2ECEA5F-5A1E-487A-B048-58CC9431E577}"
EndProject
Project("{9A19103F-16F7-4668-BE54-9A1E7A4F7556}") = "07.HotPotato", "07.HotPotato\07.HotPotato.csproj", "{8289D2EF-3989-460B-A9B9-091F05A5441E}"
EndProject
Project("{FAE04EC0-301F-11D3-BF4B-00C04F79EFBC}") = "08.TrafficJam", "08.TrafficJam\08.TrafficJam.csproj", "{6D998ACA-FF31-4324-ADFD-A689292AE7A6}"
EndProject
Global
	GlobalSection(SolutionConfigurationPlatforms) = preSolution
		Debug|Any CPU = Debug|Any CPU
		Release|Any CPU = Release|Any CPU
	EndGlobalSection
	GlobalSection(ProjectConfigurationPlatforms) = postSolution
		{AC02379A-5D00-442C-8FC7-4AAD44F3B965}.Debug|Any CPU.ActiveCfg = Debug|Any CPU
		{AC02379A-5D00-442C-8FC7-4AAD44F3B965}.Debug|Any CPU.Build.0 = Debug|Any CPU
		{AC02379A-5D00-442C-8FC7-4AAD44F3B965}.Release|Any CPU.ActiveCfg = Release|Any CPU
		{AC02379A-5D00-442C-8FC7-4AAD44F3B965}.Release|Any CPU.Build.0 = Release|Any CPU
		{595EECE0-AB66-46BC-A07D-F2FC800C110B}.Debug|Any CPU.ActiveCfg = Debug|Any CPU
		{595EECE0-AB66-46BC-A07D-F2FC800C110B}.Debug|Any CPU.Build.0 = Debug|Any CPU
		{595EECE0-AB66-46BC-A07D-F2FC800C110B}.Release|Any CPU.ActiveCfg = Release|Any CPU
		{595EECE0-AB66-46BC-A07D-F2FC800C110B}.Release|Any CPU.Build.0 = Release|Any CPU
		{D6A35B73-B45E-4697-94DE-E21243FC3AD6}.Debug|Any CPU.ActiveCfg = Debug|Any CPU
		{D6A35B73-B45E-4697-94DE-E21243FC3AD6}.Debug|Any CPU.Build.0 = Debug|Any CPU
		{D6A35B73-B45E-4697-94DE-E21243FC3AD6}.Release|Any CPU.ActiveCfg = Release|Any CPU
		{D6A35B73-B45E-4697-94DE-E21243FC3AD6}.Release|Any CPU.Build.0 = Release|Any CPU
		{7F9EF146-5C7B-4D04-88A2-007CB37314B8}.Debug|Any CPU.ActiveCfg = Debug|Any CPU
		{7F9EF146-5C7B-4D04-88A2-007CB37314B8}.Debug|Any CPU.Build.0 = Debug|Any CPU
		{7F9EF146-5C7B-4D04-88A2-007CB37314B8}.Release|Any CPU.ActiveCfg = Release|Any CPU
		{7F9EF146-5C7B-4D04-88A2-007CB37314B8}.Release|Any CPU.Build.0 = Release|Any CPU
		{CC592439-5AF2-4D32-8657-681950C295F6}.Debug|Any CPU.ActiveCfg = Debug|Any CPU
		{CC592439-5AF2-4D32-8657-681950C295F6}.Debug|Any CPU.Build.0 = Debug|Any CPU
		{CC592439-5AF2-4D32-8657-681950C295F6}.Release|Any CPU.ActiveCfg = Release|Any CPU
		{CC592439-5AF2-4D32-8657-681950C295F6}.Release|Any CPU.Build.0 = Release|Any CPU
		{F2ECEA5F-5A1E-487A-B048-58CC9431E577}.Debug|Any CPU.ActiveCfg = Debug|Any CPU
		{F2ECEA5F-5A1E-487A-B048-58CC9431E577}.Debug|Any CPU.Build.0 = Debug|Any CPU
		{F2ECEA5F-5A1E-487A-B048-58CC9431E577}.Release|Any CPU.ActiveCfg = Release|Any CPU
		{F2ECEA5F-5A1E-487A-B048-58CC9431E577}.Release|Any CPU.Build.0 = Release|Any CPU
		{8289D2EF-3989-460B-A9B9-091F05A5441E}.Debug|Any CPU.ActiveCfg = Debug|Any CPU
		{8289D2EF-3989-460B-A9B9-091F05A5441E}.Debug|Any CPU.Build.0 = Debug|Any CPU
		{8289D2EF-3989-460B-A9B9-091F05A5441E}.Release|Any CPU.ActiveCfg = Release|Any CPU
		{8289D2EF-3989-460B-A9B9-091F05A5441E}.Release|Any CPU.Build.0 = Release|Any CPU
		{6D998ACA-FF31-4324-ADFD-A689292AE7A6}.Debug|Any CPU.ActiveCfg = Debug|Any CPU
		{6D998ACA-FF31-4324-ADFD-A689292AE7A6}.Debug|Any CPU.Build.0 = Debug|Any CPU
		{6D998ACA-FF31-4324-ADFD-A689292AE7A6}.Release|Any CPU.ActiveCfg = Release|Any CPU
		{6D998ACA-FF31-4324-ADFD-A689292AE7A6}.Release|Any CPU.Build.0 = Release|Any CPU
	EndGlobalSection
	GlobalSection(SolutionProperties) = preSolution
		HideSolutionNode = FALSE
	EndGlobalSection
	GlobalSection(ExtensibilityGlobals) = postSolution
		SolutionGuid = {92D7A9EB-BB18-427E-8748-A2EC2F06EB79}
	EndGlobalSection
EndGlobal
